
Microsoft Visual Studio Solution File, Format Version 12.00
# Visual Studio Version 17
VisualStudioVersion = 17.1.32421.90
MinimumVisualStudioVersion = 10.0.40219.1
Project("{FAE04EC0-301F-11D3-BF4B-00C04F79EFBC}") = "Turtle", "Turtle\Turtle.csproj", "{5DC469DC-D4F9-49CE-9E5B-1B45C2D0E0FD}"
EndProject
Global
	GlobalSection(SolutionConfigurationPlatforms) = preSolution
		Debug|Any CPU = Debug|Any CPU
		Release|Any CPU = Release|Any CPU
	EndGlobalSection
	GlobalSection(ProjectConfigurationPlatforms) = postSolution
		{5DC469DC-D4F9-49CE-9E5B-1B45C2D0E0FD}.Debug|Any CPU.ActiveCfg = Debug|Any CPU
		{5DC469DC-D4F9-49CE-9E5B-1B45C2D0E0FD}.Debug|Any CPU.Build.0 = Debug|Any CPU
		{5DC469DC-D4F9-49CE-9E5B-1B45C2D0E0FD}.Release|Any CPU.ActiveCfg = Release|Any CPU
		{5DC469DC-D4F9-49CE-9E5B-1B45C2D0E0FD}.Release|Any CPU.Build.0 = Release|Any CPU
	EndGlobalSection
	GlobalSection(SolutionProperties) = preSolution
		HideSolutionNode = FALSE
	EndGlobalSection
	GlobalSection(ExtensibilityGlobals) = postSolution
		SolutionGuid = {934D74FA-7A55-4855-AA69-E9BD01F8D12B}
	EndGlobalSection
EndGlobal
